
Microsoft Visual Studio Solution File, Format Version 12.00
# Visual Studio Version 17
VisualStudioVersion = 17.9.34622.214
MinimumVisualStudioVersion = 10.0.40219.1
Project("{FAE04EC0-301F-11D3-BF4B-00C04F79EFBC}") = "ConsoleApp", "ConsoleApp.csproj", "{119DFA4F-5BE0-48B3-9A4F-E49F9009078E}"
EndProject
Global
	GlobalSection(SolutionConfigurationPlatforms) = preSolution
		Debug|Any CPU = Debug|Any CPU
		Release|Any CPU = Release|Any CPU
	EndGlobalSection
	GlobalSection(ProjectConfigurationPlatforms) = postSolution
		{119DFA4F-5BE0-48B3-9A4F-E49F9009078E}.Debug|Any CPU.ActiveCfg = Debug|Any CPU
		{119DFA4F-5BE0-48B3-9A4F-E49F9009078E}.Debug|Any CPU.Build.0 = Debug|Any CPU
		{119DFA4F-5BE0-48B3-9A4F-E49F9009078E}.Release|Any CPU.ActiveCfg = Release|Any CPU
		{119DFA4F-5BE0-48B3-9A4F-E49F9009078E}.Release|Any CPU.Build.0 = Release|Any CPU
	EndGlobalSection
	GlobalSection(SolutionProperties) = preSolution
		HideSolutionNode = FALSE
	EndGlobalSection
	GlobalSection(ExtensibilityGlobals) = postSolution
		SolutionGuid = {BB234ADD-787C-4CB8-B666-F8D15F71565B}
	EndGlobalSection
EndGlobal
